// !$*UTF8*$!
{
	archiveVersion = 1;
	classes = {
	};
	objectVersion = 50;
	objects = {

/* Begin PBXBuildFile section */
		56087C6026781D2A009A98C2 /* FavoriteButton.swift in Sources */ = {isa = PBXBuildFile; fileRef = 56087C5F26781D2A009A98C2 /* FavoriteButton.swift */; };
		56087C642678332C009A98C2 /* HexagonParameters.swift in Sources */ = {isa = PBXBuildFile; fileRef = 56087C632678332C009A98C2 /* HexagonParameters.swift */; };
		56087C6626783406009A98C2 /* BadgeBackground.swift in Sources */ = {isa = PBXBuildFile; fileRef = 56087C6526783406009A98C2 /* BadgeBackground.swift */; };
		56087C68267840CC009A98C2 /* BadgeSymbol.swift in Sources */ = {isa = PBXBuildFile; fileRef = 56087C67267840CC009A98C2 /* BadgeSymbol.swift */; };
		56087C6A2678415F009A98C2 /* RotatedBadgeSymbol.swift in Sources */ = {isa = PBXBuildFile; fileRef = 56087C692678415F009A98C2 /* RotatedBadgeSymbol.swift */; };
		56087C6C267841B3009A98C2 /* Badge.swift in Sources */ = {isa = PBXBuildFile; fileRef = 56087C6B267841B3009A98C2 /* Badge.swift */; };
		56087C6F2678598A009A98C2 /* hikeData.json in Resources */ = {isa = PBXBuildFile; fileRef = 56087C6E2678598A009A98C2 /* hikeData.json */; };
		56087C71267859A2009A98C2 /* Hike.swift in Sources */ = {isa = PBXBuildFile; fileRef = 56087C70267859A2009A98C2 /* Hike.swift */; };
		56087C7726785A53009A98C2 /* GraphCapsule.swift in Sources */ = {isa = PBXBuildFile; fileRef = 56087C7326785A53009A98C2 /* GraphCapsule.swift */; };
		56087C7826785A53009A98C2 /* HikeGraph.swift in Sources */ = {isa = PBXBuildFile; fileRef = 56087C7426785A53009A98C2 /* HikeGraph.swift */; };
		56087C7926785A53009A98C2 /* HikeDetail.swift in Sources */ = {isa = PBXBuildFile; fileRef = 56087C7526785A53009A98C2 /* HikeDetail.swift */; };
		56087C7A26785A53009A98C2 /* HikeView.swift in Sources */ = {isa = PBXBuildFile; fileRef = 56087C7626785A53009A98C2 /* HikeView.swift */; };
		560D2DCA26796A7E00D70BBE /* CategoryHome.swift in Sources */ = {isa = PBXBuildFile; fileRef = 560D2DC926796A7E00D70BBE /* CategoryHome.swift */; };
		560D2DCC26796E0F00D70BBE /* CategoryRow.swift in Sources */ = {isa = PBXBuildFile; fileRef = 560D2DCB26796E0F00D70BBE /* CategoryRow.swift */; };
		560D2DCE26796EA100D70BBE /* CategoryItem.swift in Sources */ = {isa = PBXBuildFile; fileRef = 560D2DCD26796EA100D70BBE /* CategoryItem.swift */; };
		560D2DD0267993BD00D70BBE /* Profile.swift in Sources */ = {isa = PBXBuildFile; fileRef = 560D2DCF267993BD00D70BBE /* Profile.swift */; };
		560D2DD22679940D00D70BBE /* ProfileHost.swift in Sources */ = {isa = PBXBuildFile; fileRef = 560D2DD12679940D00D70BBE /* ProfileHost.swift */; };
		560D2DD5267994BD00D70BBE /* ProfileSummary.swift in Sources */ = {isa = PBXBuildFile; fileRef = 560D2DD4267994BD00D70BBE /* ProfileSummary.swift */; };
		560D2DD7267AC3E600D70BBE /* HikeBadge.swift in Sources */ = {isa = PBXBuildFile; fileRef = 560D2DD6267AC3E600D70BBE /* HikeBadge.swift */; };
		560D2DD9267BF60A00D70BBE /* ProfileEditor.swift in Sources */ = {isa = PBXBuildFile; fileRef = 560D2DD8267BF60A00D70BBE /* ProfileEditor.swift */; };
		560D2DDC267C3CC300D70BBE /* PageViewController.swift in Sources */ = {isa = PBXBuildFile; fileRef = 560D2DDB267C3CC300D70BBE /* PageViewController.swift */; };
		560D2DDE267C3DB200D70BBE /* FeatureCard.swift in Sources */ = {isa = PBXBuildFile; fileRef = 560D2DDD267C3DB200D70BBE /* FeatureCard.swift */; };
		560D2DE0267C3DE800D70BBE /* PageView.swift in Sources */ = {isa = PBXBuildFile; fileRef = 560D2DDF267C3DE800D70BBE /* PageView.swift */; };
		562220B02676E3A300DDC0D9 /* LandmarksApp.swift in Sources */ = {isa = PBXBuildFile; fileRef = 562220AF2676E3A300DDC0D9 /* LandmarksApp.swift */; };
		562220B22676E3A300DDC0D9 /* ContentView.swift in Sources */ = {isa = PBXBuildFile; fileRef = 562220B12676E3A300DDC0D9 /* ContentView.swift */; };
		562220B42676E3A300DDC0D9 /* Assets.xcassets in Resources */ = {isa = PBXBuildFile; fileRef = 562220B32676E3A300DDC0D9 /* Assets.xcassets */; };
		562220B72676E3A300DDC0D9 /* Preview Assets.xcassets in Resources */ = {isa = PBXBuildFile; fileRef = 562220B62676E3A300DDC0D9 /* Preview Assets.xcassets */; };
		562220BF2676F01700DDC0D9 /* CircleImage.swift in Sources */ = {isa = PBXBuildFile; fileRef = 562220BE2676F01700DDC0D9 /* CircleImage.swift */; };
		562220C12676F19F00DDC0D9 /* MapView.swift in Sources */ = {isa = PBXBuildFile; fileRef = 562220C02676F19F00DDC0D9 /* MapView.swift */; };
		566C58B42677F3490033F286 /* landmarkData.json in Resources */ = {isa = PBXBuildFile; fileRef = 566C58B32677F3490033F286 /* landmarkData.json */; };
		566C58B62677F3700033F286 /* Landmark.swift in Sources */ = {isa = PBXBuildFile; fileRef = 566C58B52677F3700033F286 /* Landmark.swift */; };
		566C58B82677F43A0033F286 /* ModelData.swift in Sources */ = {isa = PBXBuildFile; fileRef = 566C58B72677F43A0033F286 /* ModelData.swift */; };
		566C58BD2677F71B0033F286 /* LandmarkRow.swift in Sources */ = {isa = PBXBuildFile; fileRef = 566C58BC2677F71B0033F286 /* LandmarkRow.swift */; };
		566C58BF2677F94D0033F286 /* LandmarkList.swift in Sources */ = {isa = PBXBuildFile; fileRef = 566C58BE2677F94D0033F286 /* LandmarkList.swift */; };
		566C58C126780BF60033F286 /* LandmarkDetail.swift in Sources */ = {isa = PBXBuildFile; fileRef = 566C58C026780BF60033F286 /* LandmarkDetail.swift */; };
		567C40C4267FE1AC003ABC7E /* PageControl.swift in Sources */ = {isa = PBXBuildFile; fileRef = 567C40C3267FE1AC003ABC7E /* PageControl.swift */; };
		567C40CA267FE394003ABC7E /* Assets.xcassets in Resources */ = {isa = PBXBuildFile; fileRef = 567C40C9267FE394003ABC7E /* Assets.xcassets */; };
		567C40D1267FE394003ABC7E /* WatchLandmarks Extension.appex in Embed App Extensions */ = {isa = PBXBuildFile; fileRef = 567C40D0267FE394003ABC7E /* WatchLandmarks Extension.appex */; settings = {ATTRIBUTES = (RemoveHeadersOnCopy, ); }; };
		567C40D8267FE394003ABC7E /* ContentView.swift in Sources */ = {isa = PBXBuildFile; fileRef = 567C40D7267FE394003ABC7E /* ContentView.swift */; };
		567C40DA267FE394003ABC7E /* NotificationController.swift in Sources */ = {isa = PBXBuildFile; fileRef = 567C40D9267FE394003ABC7E /* NotificationController.swift */; };
		567C40DC267FE394003ABC7E /* NotificationView.swift in Sources */ = {isa = PBXBuildFile; fileRef = 567C40DB267FE394003ABC7E /* NotificationView.swift */; };
		567C40DE267FE394003ABC7E /* ComplicationController.swift in Sources */ = {isa = PBXBuildFile; fileRef = 567C40DD267FE394003ABC7E /* ComplicationController.swift */; };
		567C40E0267FE395003ABC7E /* Assets.xcassets in Resources */ = {isa = PBXBuildFile; fileRef = 567C40DF267FE395003ABC7E /* Assets.xcassets */; };
		567C40E3267FE395003ABC7E /* Preview Assets.xcassets in Resources */ = {isa = PBXBuildFile; fileRef = 567C40E2267FE395003ABC7E /* Preview Assets.xcassets */; };
		567C40E8267FE395003ABC7E /* WatchLandmarks.app in Embed Watch Content */ = {isa = PBXBuildFile; fileRef = 567C40C7267FE393003ABC7E /* WatchLandmarks.app */; settings = {ATTRIBUTES = (RemoveHeadersOnCopy, ); }; };
		567C40F1267FE48E003ABC7E /* landmarkData.json in Resources */ = {isa = PBXBuildFile; fileRef = 566C58B32677F3490033F286 /* landmarkData.json */; };
		567C40F2267FE48E003ABC7E /* hikeData.json in Resources */ = {isa = PBXBuildFile; fileRef = 56087C6E2678598A009A98C2 /* hikeData.json */; };
		567C40F3267FE48E003ABC7E /* Hike.swift in Sources */ = {isa = PBXBuildFile; fileRef = 56087C70267859A2009A98C2 /* Hike.swift */; };
		567C40F4267FE48E003ABC7E /* ModelData.swift in Sources */ = {isa = PBXBuildFile; fileRef = 566C58B72677F43A0033F286 /* ModelData.swift */; };
		567C40F5267FE48E003ABC7E /* Profile.swift in Sources */ = {isa = PBXBuildFile; fileRef = 560D2DCF267993BD00D70BBE /* Profile.swift */; };
		567C40F6267FE48E003ABC7E /* CircleImage.swift in Sources */ = {isa = PBXBuildFile; fileRef = 562220BE2676F01700DDC0D9 /* CircleImage.swift */; };
		567C40F7267FE48E003ABC7E /* MapView.swift in Sources */ = {isa = PBXBuildFile; fileRef = 562220C02676F19F00DDC0D9 /* MapView.swift */; };
		567C40F8267FE48E003ABC7E /* LandmarkRow.swift in Sources */ = {isa = PBXBuildFile; fileRef = 566C58BC2677F71B0033F286 /* LandmarkRow.swift */; };
		567C40F9267FE48E003ABC7E /* Assets.xcassets in Resources */ = {isa = PBXBuildFile; fileRef = 562220B32676E3A300DDC0D9 /* Assets.xcassets */; };
		567C40FA267FE48E003ABC7E /* LandmarksApp.swift in Sources */ = {isa = PBXBuildFile; fileRef = 562220AF2676E3A300DDC0D9 /* LandmarksApp.swift */; };
		567C40FB267FE48E003ABC7E /* Landmark.swift in Sources */ = {isa = PBXBuildFile; fileRef = 566C58B52677F3700033F286 /* Landmark.swift */; };
		567C40FC267FE48E003ABC7E /* LandmarkList.swift in Sources */ = {isa = PBXBuildFile; fileRef = 566C58BE2677F94D0033F286 /* LandmarkList.swift */; };
		567C40FE267FE651003ABC7E /* LandmarkDetail.swift in Sources */ = {isa = PBXBuildFile; fileRef = 567C40FD267FE651003ABC7E /* LandmarkDetail.swift */; };
/* End PBXBuildFile section */

/* Begin PBXContainerItemProxy section */
		567C40D2267FE394003ABC7E /* PBXContainerItemProxy */ = {
			isa = PBXContainerItemProxy;
			containerPortal = 562220A42676E3A300DDC0D9 /* Project object */;
			proxyType = 1;
			remoteGlobalIDString = 567C40CF267FE394003ABC7E;
			remoteInfo = "WatchLandmarks Extension";
		};
		567C40E6267FE395003ABC7E /* PBXContainerItemProxy */ = {
			isa = PBXContainerItemProxy;
			containerPortal = 562220A42676E3A300DDC0D9 /* Project object */;
			proxyType = 1;
			remoteGlobalIDString = 567C40C6267FE393003ABC7E;
			remoteInfo = WatchLandmarks;
		};
/* End PBXContainerItemProxy section */

/* Begin PBXCopyFilesBuildPhase section */
		567C40EC267FE395003ABC7E /* Embed App Extensions */ = {
			isa = PBXCopyFilesBuildPhase;
			buildActionMask = 2147483647;
			dstPath = "";
			dstSubfolderSpec = 13;
			files = (
				567C40D1267FE394003ABC7E /* WatchLandmarks Extension.appex in Embed App Extensions */,
			);
			name = "Embed App Extensions";
			runOnlyForDeploymentPostprocessing = 0;
		};
		567C40F0267FE395003ABC7E /* Embed Watch Content */ = {
			isa = PBXCopyFilesBuildPhase;
			buildActionMask = 2147483647;
			dstPath = "$(CONTENTS_FOLDER_PATH)/Watch";
			dstSubfolderSpec = 16;
			files = (
				567C40E8267FE395003ABC7E /* WatchLandmarks.app in Embed Watch Content */,
			);
			name = "Embed Watch Content";
			runOnlyForDeploymentPostprocessing = 0;
		};
/* End PBXCopyFilesBuildPhase section */

/* Begin PBXFileReference section */
		56087C5F26781D2A009A98C2 /* FavoriteButton.swift */ = {isa = PBXFileReference; lastKnownFileType = sourcecode.swift; path = FavoriteButton.swift; sourceTree = "<group>"; };
		56087C632678332C009A98C2 /* HexagonParameters.swift */ = {isa = PBXFileReference; lastKnownFileType = sourcecode.swift; name = HexagonParameters.swift; path = Landmarks/Views/Badges/HexagonParameters.swift; sourceTree = SOURCE_ROOT; };
		56087C6526783406009A98C2 /* BadgeBackground.swift */ = {isa = PBXFileReference; lastKnownFileType = sourcecode.swift; path = BadgeBackground.swift; sourceTree = "<group>"; };
		56087C67267840CC009A98C2 /* BadgeSymbol.swift */ = {isa = PBXFileReference; lastKnownFileType = sourcecode.swift; path = BadgeSymbol.swift; sourceTree = "<group>"; };
		56087C692678415F009A98C2 /* RotatedBadgeSymbol.swift */ = {isa = PBXFileReference; lastKnownFileType = sourcecode.swift; path = RotatedBadgeSymbol.swift; sourceTree = "<group>"; };
		56087C6B267841B3009A98C2 /* Badge.swift */ = {isa = PBXFileReference; lastKnownFileType = sourcecode.swift; path = Badge.swift; sourceTree = "<group>"; };
		56087C6E2678598A009A98C2 /* hikeData.json */ = {isa = PBXFileReference; fileEncoding = 4; lastKnownFileType = text.json; path = hikeData.json; sourceTree = "<group>"; };
		56087C70267859A2009A98C2 /* Hike.swift */ = {isa = PBXFileReference; lastKnownFileType = sourcecode.swift; path = Hike.swift; sourceTree = "<group>"; };
		56087C7326785A53009A98C2 /* GraphCapsule.swift */ = {isa = PBXFileReference; fileEncoding = 4; lastKnownFileType = sourcecode.swift; path = GraphCapsule.swift; sourceTree = "<group>"; };
		56087C7426785A53009A98C2 /* HikeGraph.swift */ = {isa = PBXFileReference; fileEncoding = 4; lastKnownFileType = sourcecode.swift; path = HikeGraph.swift; sourceTree = "<group>"; };
		56087C7526785A53009A98C2 /* HikeDetail.swift */ = {isa = PBXFileReference; fileEncoding = 4; lastKnownFileType = sourcecode.swift; path = HikeDetail.swift; sourceTree = "<group>"; };
		56087C7626785A53009A98C2 /* HikeView.swift */ = {isa = PBXFileReference; fileEncoding = 4; lastKnownFileType = sourcecode.swift; path = HikeView.swift; sourceTree = "<group>"; };
		560D2DC926796A7E00D70BBE /* CategoryHome.swift */ = {isa = PBXFileReference; lastKnownFileType = sourcecode.swift; path = CategoryHome.swift; sourceTree = "<group>"; };
		560D2DCB26796E0F00D70BBE /* CategoryRow.swift */ = {isa = PBXFileReference; lastKnownFileType = sourcecode.swift; path = CategoryRow.swift; sourceTree = "<group>"; };
		560D2DCD26796EA100D70BBE /* CategoryItem.swift */ = {isa = PBXFileReference; lastKnownFileType = sourcecode.swift; path = CategoryItem.swift; sourceTree = "<group>"; };
		560D2DCF267993BD00D70BBE /* Profile.swift */ = {isa = PBXFileReference; lastKnownFileType = sourcecode.swift; path = Profile.swift; sourceTree = "<group>"; };
		560D2DD12679940D00D70BBE /* ProfileHost.swift */ = {isa = PBXFileReference; lastKnownFileType = sourcecode.swift; path = ProfileHost.swift; sourceTree = "<group>"; };
		560D2DD4267994BD00D70BBE /* ProfileSummary.swift */ = {isa = PBXFileReference; lastKnownFileType = sourcecode.swift; path = ProfileSummary.swift; sourceTree = "<group>"; };
		560D2DD6267AC3E600D70BBE /* HikeBadge.swift */ = {isa = PBXFileReference; lastKnownFileType = sourcecode.swift; path = HikeBadge.swift; sourceTree = "<group>"; };
		560D2DD8267BF60A00D70BBE /* ProfileEditor.swift */ = {isa = PBXFileReference; lastKnownFileType = sourcecode.swift; path = ProfileEditor.swift; sourceTree = "<group>"; };
		560D2DDB267C3CC300D70BBE /* PageViewController.swift */ = {isa = PBXFileReference; lastKnownFileType = sourcecode.swift; path = PageViewController.swift; sourceTree = "<group>"; };
		560D2DDD267C3DB200D70BBE /* FeatureCard.swift */ = {isa = PBXFileReference; lastKnownFileType = sourcecode.swift; path = FeatureCard.swift; sourceTree = "<group>"; };
		560D2DDF267C3DE800D70BBE /* PageView.swift */ = {isa = PBXFileReference; lastKnownFileType = sourcecode.swift; path = PageView.swift; sourceTree = "<group>"; };
		562220AC2676E3A300DDC0D9 /* Landmarks.app */ = {isa = PBXFileReference; explicitFileType = wrapper.application; includeInIndex = 0; path = Landmarks.app; sourceTree = BUILT_PRODUCTS_DIR; };
		562220AF2676E3A300DDC0D9 /* LandmarksApp.swift */ = {isa = PBXFileReference; lastKnownFileType = sourcecode.swift; path = LandmarksApp.swift; sourceTree = "<group>"; };
		562220B12676E3A300DDC0D9 /* ContentView.swift */ = {isa = PBXFileReference; lastKnownFileType = sourcecode.swift; path = ContentView.swift; sourceTree = "<group>"; };
		562220B32676E3A300DDC0D9 /* Assets.xcassets */ = {isa = PBXFileReference; lastKnownFileType = folder.assetcatalog; path = Assets.xcassets; sourceTree = "<group>"; };
		562220B62676E3A300DDC0D9 /* Preview Assets.xcassets */ = {isa = PBXFileReference; lastKnownFileType = folder.assetcatalog; path = "Preview Assets.xcassets"; sourceTree = "<group>"; };
		562220B82676E3A300DDC0D9 /* Info.plist */ = {isa = PBXFileReference; lastKnownFileType = text.plist.xml; path = Info.plist; sourceTree = "<group>"; };
		562220BE2676F01700DDC0D9 /* CircleImage.swift */ = {isa = PBXFileReference; lastKnownFileType = sourcecode.swift; path = CircleImage.swift; sourceTree = "<group>"; };
		562220C02676F19F00DDC0D9 /* MapView.swift */ = {isa = PBXFileReference; lastKnownFileType = sourcecode.swift; path = MapView.swift; sourceTree = "<group>"; };
		566C58B32677F3490033F286 /* landmarkData.json */ = {isa = PBXFileReference; fileEncoding = 4; lastKnownFileType = text.json; path = landmarkData.json; sourceTree = "<group>"; };
		566C58B52677F3700033F286 /* Landmark.swift */ = {isa = PBXFileReference; lastKnownFileType = sourcecode.swift; path = Landmark.swift; sourceTree = "<group>"; };
		566C58B72677F43A0033F286 /* ModelData.swift */ = {isa = PBXFileReference; lastKnownFileType = sourcecode.swift; path = ModelData.swift; sourceTree = "<group>"; };
		566C58BC2677F71B0033F286 /* LandmarkRow.swift */ = {isa = PBXFileReference; lastKnownFileType = sourcecode.swift; path = LandmarkRow.swift; sourceTree = "<group>"; };
		566C58BE2677F94D0033F286 /* LandmarkList.swift */ = {isa = PBXFileReference; lastKnownFileType = sourcecode.swift; path = LandmarkList.swift; sourceTree = "<group>"; };
		566C58C026780BF60033F286 /* LandmarkDetail.swift */ = {isa = PBXFileReference; lastKnownFileType = sourcecode.swift; path = LandmarkDetail.swift; sourceTree = "<group>"; };
		567C40C3267FE1AC003ABC7E /* PageControl.swift */ = {isa = PBXFileReference; lastKnownFileType = sourcecode.swift; path = PageControl.swift; sourceTree = "<group>"; };
		567C40C7267FE393003ABC7E /* WatchLandmarks.app */ = {isa = PBXFileReference; explicitFileType = wrapper.application; includeInIndex = 0; path = WatchLandmarks.app; sourceTree = BUILT_PRODUCTS_DIR; };
		567C40C9267FE394003ABC7E /* Assets.xcassets */ = {isa = PBXFileReference; lastKnownFileType = folder.assetcatalog; path = Assets.xcassets; sourceTree = "<group>"; };
		567C40CB267FE394003ABC7E /* Info.plist */ = {isa = PBXFileReference; lastKnownFileType = text.plist.xml; path = Info.plist; sourceTree = "<group>"; };
		567C40D0267FE394003ABC7E /* WatchLandmarks Extension.appex */ = {isa = PBXFileReference; explicitFileType = "wrapper.app-extension"; includeInIndex = 0; path = "WatchLandmarks Extension.appex"; sourceTree = BUILT_PRODUCTS_DIR; };
		567C40D7267FE394003ABC7E /* ContentView.swift */ = {isa = PBXFileReference; lastKnownFileType = sourcecode.swift; path = ContentView.swift; sourceTree = "<group>"; };
		567C40D9267FE394003ABC7E /* NotificationController.swift */ = {isa = PBXFileReference; lastKnownFileType = sourcecode.swift; path = NotificationController.swift; sourceTree = "<group>"; };
		567C40DB267FE394003ABC7E /* NotificationView.swift */ = {isa = PBXFileReference; lastKnownFileType = sourcecode.swift; path = NotificationView.swift; sourceTree = "<group>"; };
		567C40DD267FE394003ABC7E /* ComplicationController.swift */ = {isa = PBXFileReference; lastKnownFileType = sourcecode.swift; path = ComplicationController.swift; sourceTree = "<group>"; };
		567C40DF267FE395003ABC7E /* Assets.xcassets */ = {isa = PBXFileReference; lastKnownFileType = folder.assetcatalog; path = Assets.xcassets; sourceTree = "<group>"; };
		567C40E2267FE395003ABC7E /* Preview Assets.xcassets */ = {isa = PBXFileReference; lastKnownFileType = folder.assetcatalog; path = "Preview Assets.xcassets"; sourceTree = "<group>"; };
		567C40E4267FE395003ABC7E /* Info.plist */ = {isa = PBXFileReference; lastKnownFileType = text.plist.xml; path = Info.plist; sourceTree = "<group>"; };
		567C40E5267FE395003ABC7E /* PushNotificationPayload.apns */ = {isa = PBXFileReference; lastKnownFileType = text; path = PushNotificationPayload.apns; sourceTree = "<group>"; };
		567C40FD267FE651003ABC7E /* LandmarkDetail.swift */ = {isa = PBXFileReference; lastKnownFileType = sourcecode.swift; path = LandmarkDetail.swift; sourceTree = "<group>"; };
/* End PBXFileReference section */

/* Begin PBXFrameworksBuildPhase section */
		562220A92676E3A300DDC0D9 /* Frameworks */ = {
			isa = PBXFrameworksBuildPhase;
			buildActionMask = 2147483647;
			files = (
			);
			runOnlyForDeploymentPostprocessing = 0;
		};
		567C40CD267FE394003ABC7E /* Frameworks */ = {
			isa = PBXFrameworksBuildPhase;
			buildActionMask = 2147483647;
			files = (
			);
			runOnlyForDeploymentPostprocessing = 0;
		};
/* End PBXFrameworksBuildPhase section */

/* Begin PBXGroup section */
		56087C6126781D98009A98C2 /* Landmarks */ = {
			isa = PBXGroup;
			children = (
				566C58BC2677F71B0033F286 /* LandmarkRow.swift */,
				566C58BE2677F94D0033F286 /* LandmarkList.swift */,
				566C58C026780BF60033F286 /* LandmarkDetail.swift */,
			);
			path = Landmarks;
			sourceTree = "<group>";
		};
		56087C6226781DB3009A98C2 /* Helpers */ = {
			isa = PBXGroup;
			children = (
				562220BE2676F01700DDC0D9 /* CircleImage.swift */,
				562220C02676F19F00DDC0D9 /* MapView.swift */,
				56087C5F26781D2A009A98C2 /* FavoriteButton.swift */,
			);
			path = Helpers;
			sourceTree = "<group>";
		};
		56087C6D2678423D009A98C2 /* Badges */ = {
			isa = PBXGroup;
			children = (
				56087C632678332C009A98C2 /* HexagonParameters.swift */,
				56087C6526783406009A98C2 /* BadgeBackground.swift */,
				56087C67267840CC009A98C2 /* BadgeSymbol.swift */,
				56087C692678415F009A98C2 /* RotatedBadgeSymbol.swift */,
				56087C6B267841B3009A98C2 /* Badge.swift */,
			);
			path = Badges;
			sourceTree = "<group>";
		};
		56087C7226785A53009A98C2 /* Hikes */ = {
			isa = PBXGroup;
			children = (
				56087C7326785A53009A98C2 /* GraphCapsule.swift */,
				56087C7426785A53009A98C2 /* HikeGraph.swift */,
				56087C7526785A53009A98C2 /* HikeDetail.swift */,
				56087C7626785A53009A98C2 /* HikeView.swift */,
				560D2DD6267AC3E600D70BBE /* HikeBadge.swift */,
			);
			path = Hikes;
			sourceTree = "<group>";
		};
		560D2DC826796A5D00D70BBE /* Categories */ = {
			isa = PBXGroup;
			children = (
				560D2DC926796A7E00D70BBE /* CategoryHome.swift */,
				560D2DCB26796E0F00D70BBE /* CategoryRow.swift */,
				560D2DCD26796EA100D70BBE /* CategoryItem.swift */,
			);
			path = Categories;
			sourceTree = "<group>";
		};
		560D2DD32679949300D70BBE /* Profiles */ = {
			isa = PBXGroup;
			children = (
				560D2DD12679940D00D70BBE /* ProfileHost.swift */,
				560D2DD4267994BD00D70BBE /* ProfileSummary.swift */,
				560D2DD8267BF60A00D70BBE /* ProfileEditor.swift */,
			);
			path = Profiles;
			sourceTree = "<group>";
		};
		560D2DDA267C3CB300D70BBE /* PageView */ = {
			isa = PBXGroup;
			children = (
				560D2DDB267C3CC300D70BBE /* PageViewController.swift */,
				560D2DDF267C3DE800D70BBE /* PageView.swift */,
				567C40C3267FE1AC003ABC7E /* PageControl.swift */,
			);
			path = PageView;
			sourceTree = "<group>";
		};
		562220A32676E3A300DDC0D9 = {
			isa = PBXGroup;
			children = (
				562220AE2676E3A300DDC0D9 /* Landmarks */,
				567C40C8267FE393003ABC7E /* WatchLandmarks */,
				567C40D4267FE394003ABC7E /* WatchLandmarks Extension */,
				562220AD2676E3A300DDC0D9 /* Products */,
			);
			sourceTree = "<group>";
		};
		562220AD2676E3A300DDC0D9 /* Products */ = {
			isa = PBXGroup;
			children = (
				562220AC2676E3A300DDC0D9 /* Landmarks.app */,
				567C40C7267FE393003ABC7E /* WatchLandmarks.app */,
				567C40D0267FE394003ABC7E /* WatchLandmarks Extension.appex */,
			);
			name = Products;
			sourceTree = "<group>";
		};
		562220AE2676E3A300DDC0D9 /* Landmarks */ = {
			isa = PBXGroup;
			children = (
				560D2DC826796A5D00D70BBE /* Categories */,
				56087C7226785A53009A98C2 /* Hikes */,
				566C58BB2677F4BC0033F286 /* Model */,
				566C58BA2677F4A80033F286 /* Resources */,
				566C58B92677F48C0033F286 /* Views */,
				562220AF2676E3A300DDC0D9 /* LandmarksApp.swift */,
				562220B32676E3A300DDC0D9 /* Assets.xcassets */,
				562220B82676E3A300DDC0D9 /* Info.plist */,
				562220B52676E3A300DDC0D9 /* Preview Content */,
			);
			path = Landmarks;
			sourceTree = "<group>";
		};
		562220B52676E3A300DDC0D9 /* Preview Content */ = {
			isa = PBXGroup;
			children = (
				562220B62676E3A300DDC0D9 /* Preview Assets.xcassets */,
			);
			path = "Preview Content";
			sourceTree = "<group>";
		};
		566C58B92677F48C0033F286 /* Views */ = {
			isa = PBXGroup;
			children = (
				560D2DDA267C3CB300D70BBE /* PageView */,
				560D2DD32679949300D70BBE /* Profiles */,
				56087C6D2678423D009A98C2 /* Badges */,
				56087C6226781DB3009A98C2 /* Helpers */,
				56087C6126781D98009A98C2 /* Landmarks */,
				562220B12676E3A300DDC0D9 /* ContentView.swift */,
				560D2DDD267C3DB200D70BBE /* FeatureCard.swift */,
			);
			path = Views;
			sourceTree = "<group>";
		};
		566C58BA2677F4A80033F286 /* Resources */ = {
			isa = PBXGroup;
			children = (
				56087C6E2678598A009A98C2 /* hikeData.json */,
				566C58B32677F3490033F286 /* landmarkData.json */,
			);
			path = Resources;
			sourceTree = "<group>";
		};
		566C58BB2677F4BC0033F286 /* Model */ = {
			isa = PBXGroup;
			children = (
				566C58B52677F3700033F286 /* Landmark.swift */,
				566C58B72677F43A0033F286 /* ModelData.swift */,
				56087C70267859A2009A98C2 /* Hike.swift */,
				560D2DCF267993BD00D70BBE /* Profile.swift */,
			);
			path = Model;
			sourceTree = "<group>";
		};
		567C40C8267FE393003ABC7E /* WatchLandmarks */ = {
			isa = PBXGroup;
			children = (
				567C40C9267FE394003ABC7E /* Assets.xcassets */,
				567C40CB267FE394003ABC7E /* Info.plist */,
			);
			path = WatchLandmarks;
			sourceTree = "<group>";
		};
		567C40D4267FE394003ABC7E /* WatchLandmarks Extension */ = {
			isa = PBXGroup;
			children = (
				567C40D7267FE394003ABC7E /* ContentView.swift */,
				567C40D9267FE394003ABC7E /* NotificationController.swift */,
				567C40DB267FE394003ABC7E /* NotificationView.swift */,
				567C40DD267FE394003ABC7E /* ComplicationController.swift */,
				567C40DF267FE395003ABC7E /* Assets.xcassets */,
				567C40E4267FE395003ABC7E /* Info.plist */,
				567C40E5267FE395003ABC7E /* PushNotificationPayload.apns */,
				567C40E1267FE395003ABC7E /* Preview Content */,
				567C40FD267FE651003ABC7E /* LandmarkDetail.swift */,
			);
			path = "WatchLandmarks Extension";
			sourceTree = "<group>";
		};
		567C40E1267FE395003ABC7E /* Preview Content */ = {
			isa = PBXGroup;
			children = (
				567C40E2267FE395003ABC7E /* Preview Assets.xcassets */,
			);
			path = "Preview Content";
			sourceTree = "<group>";
		};
/* End PBXGroup section */

/* Begin PBXNativeTarget section */
		562220AB2676E3A300DDC0D9 /* Landmarks */ = {
			isa = PBXNativeTarget;
			buildConfigurationList = 562220BB2676E3A300DDC0D9 /* Build configuration list for PBXNativeTarget "Landmarks" */;
			buildPhases = (
				562220A82676E3A300DDC0D9 /* Sources */,
				562220A92676E3A300DDC0D9 /* Frameworks */,
				562220AA2676E3A300DDC0D9 /* Resources */,
				567C40F0267FE395003ABC7E /* Embed Watch Content */,
			);
			buildRules = (
			);
			dependencies = (
				567C40E7267FE395003ABC7E /* PBXTargetDependency */,
			);
			name = Landmarks;
			productName = Landmarks;
			productReference = 562220AC2676E3A300DDC0D9 /* Landmarks.app */;
			productType = "com.apple.product-type.application";
		};
		567C40C6267FE393003ABC7E /* WatchLandmarks */ = {
			isa = PBXNativeTarget;
			buildConfigurationList = 567C40ED267FE395003ABC7E /* Build configuration list for PBXNativeTarget "WatchLandmarks" */;
			buildPhases = (
				567C40C5267FE393003ABC7E /* Resources */,
				567C40EC267FE395003ABC7E /* Embed App Extensions */,
			);
			buildRules = (
			);
			dependencies = (
				567C40D3267FE394003ABC7E /* PBXTargetDependency */,
			);
			name = WatchLandmarks;
			productName = WatchLandmarks;
			productReference = 567C40C7267FE393003ABC7E /* WatchLandmarks.app */;
			productType = "com.apple.product-type.application.watchapp2";
		};
		567C40CF267FE394003ABC7E /* WatchLandmarks Extension */ = {
			isa = PBXNativeTarget;
			buildConfigurationList = 567C40E9267FE395003ABC7E /* Build configuration list for PBXNativeTarget "WatchLandmarks Extension" */;
			buildPhases = (
				567C40CC267FE394003ABC7E /* Sources */,
				567C40CD267FE394003ABC7E /* Frameworks */,
				567C40CE267FE394003ABC7E /* Resources */,
			);
			buildRules = (
			);
			dependencies = (
			);
			name = "WatchLandmarks Extension";
			productName = "WatchLandmarks Extension";
			productReference = 567C40D0267FE394003ABC7E /* WatchLandmarks Extension.appex */;
			productType = "com.apple.product-type.watchkit2-extension";
		};
/* End PBXNativeTarget section */

/* Begin PBXProject section */
		562220A42676E3A300DDC0D9 /* Project object */ = {
			isa = PBXProject;
			attributes = {
				LastSwiftUpdateCheck = 1250;
				LastUpgradeCheck = 1250;
				TargetAttributes = {
					562220AB2676E3A300DDC0D9 = {
						CreatedOnToolsVersion = 12.5;
					};
					567C40C6267FE393003ABC7E = {
						CreatedOnToolsVersion = 12.5;
					};
					567C40CF267FE394003ABC7E = {
						CreatedOnToolsVersion = 12.5;
					};
				};
			};
			buildConfigurationList = 562220A72676E3A300DDC0D9 /* Build configuration list for PBXProject "Landmarks" */;
			compatibilityVersion = "Xcode 9.3";
			developmentRegion = en;
			hasScannedForEncodings = 0;
			knownRegions = (
				en,
				Base,
			);
			mainGroup = 562220A32676E3A300DDC0D9;
			productRefGroup = 562220AD2676E3A300DDC0D9 /* Products */;
			projectDirPath = "";
			projectRoot = "";
			targets = (
				562220AB2676E3A300DDC0D9 /* Landmarks */,
				567C40C6267FE393003ABC7E /* WatchLandmarks */,
				567C40CF267FE394003ABC7E /* WatchLandmarks Extension */,
			);
		};
/* End PBXProject section */

/* Begin PBXResourcesBuildPhase section */
		562220AA2676E3A300DDC0D9 /* Resources */ = {
			isa = PBXResourcesBuildPhase;
			buildActionMask = 2147483647;
			files = (
				56087C6F2678598A009A98C2 /* hikeData.json in Resources */,
				562220B72676E3A300DDC0D9 /* Preview Assets.xcassets in Resources */,
				562220B42676E3A300DDC0D9 /* Assets.xcassets in Resources */,
				566C58B42677F3490033F286 /* landmarkData.json in Resources */,
			);
			runOnlyForDeploymentPostprocessing = 0;
		};
		567C40C5267FE393003ABC7E /* Resources */ = {
			isa = PBXResourcesBuildPhase;
			buildActionMask = 2147483647;
			files = (
				567C40CA267FE394003ABC7E /* Assets.xcassets in Resources */,
			);
			runOnlyForDeploymentPostprocessing = 0;
		};
		567C40CE267FE394003ABC7E /* Resources */ = {
			isa = PBXResourcesBuildPhase;
			buildActionMask = 2147483647;
			files = (
				567C40F2267FE48E003ABC7E /* hikeData.json in Resources */,
				567C40E3267FE395003ABC7E /* Preview Assets.xcassets in Resources */,
				567C40E0267FE395003ABC7E /* Assets.xcassets in Resources */,
				567C40F1267FE48E003ABC7E /* landmarkData.json in Resources */,
				567C40F9267FE48E003ABC7E /* Assets.xcassets in Resources */,
			);
			runOnlyForDeploymentPostprocessing = 0;
		};
/* End PBXResourcesBuildPhase section */

/* Begin PBXSourcesBuildPhase section */
		562220A82676E3A300DDC0D9 /* Sources */ = {
			isa = PBXSourcesBuildPhase;
			buildActionMask = 2147483647;
			files = (
				560D2DCC26796E0F00D70BBE /* CategoryRow.swift in Sources */,
				560D2DD0267993BD00D70BBE /* Profile.swift in Sources */,
				562220B22676E3A300DDC0D9 /* ContentView.swift in Sources */,
				560D2DCA26796A7E00D70BBE /* CategoryHome.swift in Sources */,
				560D2DDE267C3DB200D70BBE /* FeatureCard.swift in Sources */,
				56087C7826785A53009A98C2 /* HikeGraph.swift in Sources */,
				56087C6C267841B3009A98C2 /* Badge.swift in Sources */,
				562220C12676F19F00DDC0D9 /* MapView.swift in Sources */,
				56087C7726785A53009A98C2 /* GraphCapsule.swift in Sources */,
				562220B02676E3A300DDC0D9 /* LandmarksApp.swift in Sources */,
				567C40C4267FE1AC003ABC7E /* PageControl.swift in Sources */,
				56087C6026781D2A009A98C2 /* FavoriteButton.swift in Sources */,
				560D2DCE26796EA100D70BBE /* CategoryItem.swift in Sources */,
				56087C7926785A53009A98C2 /* HikeDetail.swift in Sources */,
				560D2DD5267994BD00D70BBE /* ProfileSummary.swift in Sources */,
				56087C642678332C009A98C2 /* HexagonParameters.swift in Sources */,
				560D2DD22679940D00D70BBE /* ProfileHost.swift in Sources */,
				56087C71267859A2009A98C2 /* Hike.swift in Sources */,
				56087C6A2678415F009A98C2 /* RotatedBadgeSymbol.swift in Sources */,
				560D2DE0267C3DE800D70BBE /* PageView.swift in Sources */,
				56087C68267840CC009A98C2 /* BadgeSymbol.swift in Sources */,
				560D2DD9267BF60A00D70BBE /* ProfileEditor.swift in Sources */,
				566C58BF2677F94D0033F286 /* LandmarkList.swift in Sources */,
				56087C7A26785A53009A98C2 /* HikeView.swift in Sources */,
				566C58C126780BF60033F286 /* LandmarkDetail.swift in Sources */,
				560D2DDC267C3CC300D70BBE /* PageViewController.swift in Sources */,
				56087C6626783406009A98C2 /* BadgeBackground.swift in Sources */,
				560D2DD7267AC3E600D70BBE /* HikeBadge.swift in Sources */,
				562220BF2676F01700DDC0D9 /* CircleImage.swift in Sources */,
				566C58B62677F3700033F286 /* Landmark.swift in Sources */,
				566C58BD2677F71B0033F286 /* LandmarkRow.swift in Sources */,
				566C58B82677F43A0033F286 /* ModelData.swift in Sources */,
			);
			runOnlyForDeploymentPostprocessing = 0;
		};
		567C40CC267FE394003ABC7E /* Sources */ = {
			isa = PBXSourcesBuildPhase;
			buildActionMask = 2147483647;
			files = (
				567C40F3267FE48E003ABC7E /* Hike.swift in Sources */,
				567C40F6267FE48E003ABC7E /* CircleImage.swift in Sources */,
				567C40DA267FE394003ABC7E /* NotificationController.swift in Sources */,
				567C40D8267FE394003ABC7E /* ContentView.swift in Sources */,
				567C40FC267FE48E003ABC7E /* LandmarkList.swift in Sources */,
				567C40FA267FE48E003ABC7E /* LandmarksApp.swift in Sources */,
				567C40FE267FE651003ABC7E /* LandmarkDetail.swift in Sources */,
				567C40F5267FE48E003ABC7E /* Profile.swift in Sources */,
				567C40DE267FE394003ABC7E /* ComplicationController.swift in Sources */,
				567C40DC267FE394003ABC7E /* NotificationView.swift in Sources */,
				567C40F7267FE48E003ABC7E /* MapView.swift in Sources */,
				567C40F8267FE48E003ABC7E /* LandmarkRow.swift in Sources */,
				567C40F4267FE48E003ABC7E /* ModelData.swift in Sources */,
				567C40FB267FE48E003ABC7E /* Landmark.swift in Sources */,
			);
			runOnlyForDeploymentPostprocessing = 0;
		};
/* End PBXSourcesBuildPhase section */

/* Begin PBXTargetDependency section */
		567C40D3267FE394003ABC7E /* PBXTargetDependency */ = {
			isa = PBXTargetDependency;
			target = 567C40CF267FE394003ABC7E /* WatchLandmarks Extension */;
			targetProxy = 567C40D2267FE394003ABC7E /* PBXContainerItemProxy */;
		};
		567C40E7267FE395003ABC7E /* PBXTargetDependency */ = {
			isa = PBXTargetDependency;
			target = 567C40C6267FE393003ABC7E /* WatchLandmarks */;
			targetProxy = 567C40E6267FE395003ABC7E /* PBXContainerItemProxy */;
		};
/* End PBXTargetDependency section */

/* Begin XCBuildConfiguration section */
		562220B92676E3A300DDC0D9 /* Debug */ = {
			isa = XCBuildConfiguration;
			buildSettings = {
				ALWAYS_SEARCH_USER_PATHS = NO;
				CLANG_ANALYZER_NONNULL = YES;
				CLANG_ANALYZER_NUMBER_OBJECT_CONVERSION = YES_AGGRESSIVE;
				CLANG_CXX_LANGUAGE_STANDARD = "gnu++14";
				CLANG_CXX_LIBRARY = "libc++";
				CLANG_ENABLE_MODULES = YES;
				CLANG_ENABLE_OBJC_ARC = YES;
				CLANG_ENABLE_OBJC_WEAK = YES;
				CLANG_WARN_BLOCK_CAPTURE_AUTORELEASING = YES;
				CLANG_WARN_BOOL_CONVERSION = YES;
				CLANG_WARN_COMMA = YES;
				CLANG_WARN_CONSTANT_CONVERSION = YES;
				CLANG_WARN_DEPRECATED_OBJC_IMPLEMENTATIONS = YES;
				CLANG_WARN_DIRECT_OBJC_ISA_USAGE = YES_ERROR;
				CLANG_WARN_DOCUMENTATION_COMMENTS = YES;
				CLANG_WARN_EMPTY_BODY = YES;
				CLANG_WARN_ENUM_CONVERSION = YES;
				CLANG_WARN_INFINITE_RECURSION = YES;
				CLANG_WARN_INT_CONVERSION = YES;
				CLANG_WARN_NON_LITERAL_NULL_CONVERSION = YES;
				CLANG_WARN_OBJC_IMPLICIT_RETAIN_SELF = YES;
				CLANG_WARN_OBJC_LITERAL_CONVERSION = YES;
				CLANG_WARN_OBJC_ROOT_CLASS = YES_ERROR;
				CLANG_WARN_QUOTED_INCLUDE_IN_FRAMEWORK_HEADER = YES;
				CLANG_WARN_RANGE_LOOP_ANALYSIS = YES;
				CLANG_WARN_STRICT_PROTOTYPES = YES;
				CLANG_WARN_SUSPICIOUS_MOVE = YES;
				CLANG_WARN_UNGUARDED_AVAILABILITY = YES_AGGRESSIVE;
				CLANG_WARN_UNREACHABLE_CODE = YES;
				CLANG_WARN__DUPLICATE_METHOD_MATCH = YES;
				COPY_PHASE_STRIP = NO;
				DEBUG_INFORMATION_FORMAT = dwarf;
				ENABLE_STRICT_OBJC_MSGSEND = YES;
				ENABLE_TESTABILITY = YES;
				GCC_C_LANGUAGE_STANDARD = gnu11;
				GCC_DYNAMIC_NO_PIC = NO;
				GCC_NO_COMMON_BLOCKS = YES;
				GCC_OPTIMIZATION_LEVEL = 0;
				GCC_PREPROCESSOR_DEFINITIONS = (
					"DEBUG=1",
					"$(inherited)",
				);
				GCC_WARN_64_TO_32_BIT_CONVERSION = YES;
				GCC_WARN_ABOUT_RETURN_TYPE = YES_ERROR;
				GCC_WARN_UNDECLARED_SELECTOR = YES;
				GCC_WARN_UNINITIALIZED_AUTOS = YES_AGGRESSIVE;
				GCC_WARN_UNUSED_FUNCTION = YES;
				GCC_WARN_UNUSED_VARIABLE = YES;
				IPHONEOS_DEPLOYMENT_TARGET = 14.5;
				MTL_ENABLE_DEBUG_INFO = INCLUDE_SOURCE;
				MTL_FAST_MATH = YES;
				ONLY_ACTIVE_ARCH = YES;
				SDKROOT = iphoneos;
				SWIFT_ACTIVE_COMPILATION_CONDITIONS = DEBUG;
				SWIFT_OPTIMIZATION_LEVEL = "-Onone";
			};
			name = Debug;
		};
		562220BA2676E3A300DDC0D9 /* Release */ = {
			isa = XCBuildConfiguration;
			buildSettings = {
				ALWAYS_SEARCH_USER_PATHS = NO;
				CLANG_ANALYZER_NONNULL = YES;
				CLANG_ANALYZER_NUMBER_OBJECT_CONVERSION = YES_AGGRESSIVE;
				CLANG_CXX_LANGUAGE_STANDARD = "gnu++14";
				CLANG_CXX_LIBRARY = "libc++";
				CLANG_ENABLE_MODULES = YES;
				CLANG_ENABLE_OBJC_ARC = YES;
				CLANG_ENABLE_OBJC_WEAK = YES;
				CLANG_WARN_BLOCK_CAPTURE_AUTORELEASING = YES;
				CLANG_WARN_BOOL_CONVERSION = YES;
				CLANG_WARN_COMMA = YES;
				CLANG_WARN_CONSTANT_CONVERSION = YES;
				CLANG_WARN_DEPRECATED_OBJC_IMPLEMENTATIONS = YES;
				CLANG_WARN_DIRECT_OBJC_ISA_USAGE = YES_ERROR;
				CLANG_WARN_DOCUMENTATION_COMMENTS = YES;
				CLANG_WARN_EMPTY_BODY = YES;
				CLANG_WARN_ENUM_CONVERSION = YES;
				CLANG_WARN_INFINITE_RECURSION = YES;
				CLANG_WARN_INT_CONVERSION = YES;
				CLANG_WARN_NON_LITERAL_NULL_CONVERSION = YES;
				CLANG_WARN_OBJC_IMPLICIT_RETAIN_SELF = YES;
				CLANG_WARN_OBJC_LITERAL_CONVERSION = YES;
				CLANG_WARN_OBJC_ROOT_CLASS = YES_ERROR;
				CLANG_WARN_QUOTED_INCLUDE_IN_FRAMEWORK_HEADER = YES;
				CLANG_WARN_RANGE_LOOP_ANALYSIS = YES;
				CLANG_WARN_STRICT_PROTOTYPES = YES;
				CLANG_WARN_SUSPICIOUS_MOVE = YES;
				CLANG_WARN_UNGUARDED_AVAILABILITY = YES_AGGRESSIVE;
				CLANG_WARN_UNREACHABLE_CODE = YES;
				CLANG_WARN__DUPLICATE_METHOD_MATCH = YES;
				COPY_PHASE_STRIP = NO;
				DEBUG_INFORMATION_FORMAT = "dwarf-with-dsym";
				ENABLE_NS_ASSERTIONS = NO;
				ENABLE_STRICT_OBJC_MSGSEND = YES;
				GCC_C_LANGUAGE_STANDARD = gnu11;
				GCC_NO_COMMON_BLOCKS = YES;
				GCC_WARN_64_TO_32_BIT_CONVERSION = YES;
				GCC_WARN_ABOUT_RETURN_TYPE = YES_ERROR;
				GCC_WARN_UNDECLARED_SELECTOR = YES;
				GCC_WARN_UNINITIALIZED_AUTOS = YES_AGGRESSIVE;
				GCC_WARN_UNUSED_FUNCTION = YES;
				GCC_WARN_UNUSED_VARIABLE = YES;
				IPHONEOS_DEPLOYMENT_TARGET = 14.5;
				MTL_ENABLE_DEBUG_INFO = NO;
				MTL_FAST_MATH = YES;
				SDKROOT = iphoneos;
				SWIFT_COMPILATION_MODE = wholemodule;
				SWIFT_OPTIMIZATION_LEVEL = "-O";
				VALIDATE_PRODUCT = YES;
			};
			name = Release;
		};
		562220BC2676E3A300DDC0D9 /* Debug */ = {
			isa = XCBuildConfiguration;
			buildSettings = {
				ASSETCATALOG_COMPILER_APPICON_NAME = AppIcon;
				ASSETCATALOG_COMPILER_GLOBAL_ACCENT_COLOR_NAME = AccentColor;
				CODE_SIGN_STYLE = Automatic;
				DEVELOPMENT_ASSET_PATHS = "\"Landmarks/Preview Content\"";
				ENABLE_PREVIEWS = YES;
				INFOPLIST_FILE = Landmarks/Info.plist;
				IPHONEOS_DEPLOYMENT_TARGET = 14.0;
				LD_RUNPATH_SEARCH_PATHS = (
					"$(inherited)",
					"@executable_path/Frameworks",
				);
				PRODUCT_BUNDLE_IDENTIFIER = "com.example.apple-samplecode.Landmarks";
				PRODUCT_NAME = "$(TARGET_NAME)";
				SWIFT_VERSION = 5.0;
				TARGETED_DEVICE_FAMILY = "1,2";
			};
			name = Debug;
		};
		562220BD2676E3A300DDC0D9 /* Release */ = {
			isa = XCBuildConfiguration;
			buildSettings = {
				ASSETCATALOG_COMPILER_APPICON_NAME = AppIcon;
				ASSETCATALOG_COMPILER_GLOBAL_ACCENT_COLOR_NAME = AccentColor;
				CODE_SIGN_STYLE = Automatic;
				DEVELOPMENT_ASSET_PATHS = "\"Landmarks/Preview Content\"";
				ENABLE_PREVIEWS = YES;
				INFOPLIST_FILE = Landmarks/Info.plist;
				IPHONEOS_DEPLOYMENT_TARGET = 14.0;
				LD_RUNPATH_SEARCH_PATHS = (
					"$(inherited)",
					"@executable_path/Frameworks",
				);
				PRODUCT_BUNDLE_IDENTIFIER = "com.example.apple-samplecode.Landmarks";
				PRODUCT_NAME = "$(TARGET_NAME)";
				SWIFT_VERSION = 5.0;
				TARGETED_DEVICE_FAMILY = "1,2";
			};
			name = Release;
		};
		567C40EA267FE395003ABC7E /* Debug */ = {
			isa = XCBuildConfiguration;
			buildSettings = {
				ASSETCATALOG_COMPILER_COMPLICATION_NAME = Complication;
				CODE_SIGN_STYLE = Automatic;
				DEVELOPMENT_ASSET_PATHS = "\"WatchLandmarks Extension/Preview Content\"";
				ENABLE_PREVIEWS = YES;
				INFOPLIST_FILE = "WatchLandmarks Extension/Info.plist";
				LD_RUNPATH_SEARCH_PATHS = (
					"$(inherited)",
					"@executable_path/Frameworks",
					"@executable_path/../../Frameworks",
				);
				PRODUCT_BUNDLE_IDENTIFIER = "com.example.apple-samplecode.Landmarks.watchkitapp.watchkitextension";
				PRODUCT_NAME = "${TARGET_NAME}";
				SDKROOT = watchos;
				SKIP_INSTALL = YES;
				SWIFT_VERSION = 5.0;
				TARGETED_DEVICE_FAMILY = 4;
				WATCHOS_DEPLOYMENT_TARGET = 7.4;
			};
			name = Debug;
		};
		567C40EB267FE395003ABC7E /* Release */ = {
			isa = XCBuildConfiguration;
			buildSettings = {
				ASSETCATALOG_COMPILER_COMPLICATION_NAME = Complication;
				CODE_SIGN_STYLE = Automatic;
				DEVELOPMENT_ASSET_PATHS = "\"WatchLandmarks Extension/Preview Content\"";
				ENABLE_PREVIEWS = YES;
				INFOPLIST_FILE = "WatchLandmarks Extension/Info.plist";
				LD_RUNPATH_SEARCH_PATHS = (
					"$(inherited)",
					"@executable_path/Frameworks",
					"@executable_path/../../Frameworks",
				);
				PRODUCT_BUNDLE_IDENTIFIER = "com.example.apple-samplecode.Landmarks.watchkitapp.watchkitextension";
				PRODUCT_NAME = "${TARGET_NAME}";
				SDKROOT = watchos;
				SKIP_INSTALL = YES;
				SWIFT_VERSION = 5.0;
				TARGETED_DEVICE_FAMILY = 4;
				WATCHOS_DEPLOYMENT_TARGET = 7.4;
			};
			name = Release;
		};
		567C40EE267FE395003ABC7E /* Debug */ = {
			isa = XCBuildConfiguration;
			buildSettings = {
				ALWAYS_EMBED_SWIFT_STANDARD_LIBRARIES = YES;
				ASSETCATALOG_COMPILER_APPICON_NAME = AppIcon;
				ASSETCATALOG_COMPILER_GLOBAL_ACCENT_COLOR_NAME = AccentColor;
				CODE_SIGN_STYLE = Automatic;
				IBSC_MODULE = WatchLandmarks_Extension;
				INFOPLIST_FILE = WatchLandmarks/Info.plist;
				PRODUCT_BUNDLE_IDENTIFIER = "com.example.apple-samplecode.Landmarks.watchkitapp";
				PRODUCT_NAME = "$(TARGET_NAME)";
				SDKROOT = watchos;
				SKIP_INSTALL = YES;
				SWIFT_VERSION = 5.0;
				TARGETED_DEVICE_FAMILY = 4;
				WATCHOS_DEPLOYMENT_TARGET = 7.4;
			};
			name = Debug;
		};
		567C40EF267FE395003ABC7E /* Release */ = {
			isa = XCBuildConfiguration;
			buildSettings = {
				ALWAYS_EMBED_SWIFT_STANDARD_LIBRARIES = YES;
				ASSETCATALOG_COMPILER_APPICON_NAME = AppIcon;
				ASSETCATALOG_COMPILER_GLOBAL_ACCENT_COLOR_NAME = AccentColor;
				CODE_SIGN_STYLE = Automatic;
				IBSC_MODULE = WatchLandmarks_Extension;
				INFOPLIST_FILE = WatchLandmarks/Info.plist;
				PRODUCT_BUNDLE_IDENTIFIER = "com.example.apple-samplecode.Landmarks.watchkitapp";
				PRODUCT_NAME = "$(TARGET_NAME)";
				SDKROOT = watchos;
				SKIP_INSTALL = YES;
				SWIFT_VERSION = 5.0;
				TARGETED_DEVICE_FAMILY = 4;
				WATCHOS_DEPLOYMENT_TARGET = 7.4;
			};
			name = Release;
		};
/* End XCBuildConfiguration section */

/* Begin XCConfigurationList section */
		562220A72676E3A300DDC0D9 /* Build configuration list for PBXProject "Landmarks" */ = {
			isa = XCConfigurationList;
			buildConfigurations = (
				562220B92676E3A300DDC0D9 /* Debug */,
				562220BA2676E3A300DDC0D9 /* Release */,
			);
			defaultConfigurationIsVisible = 0;
			defaultConfigurationName = Release;
		};
		562220BB2676E3A300DDC0D9 /* Build configuration list for PBXNativeTarget "Landmarks" */ = {
			isa = XCConfigurationList;
			buildConfigurations = (
				562220BC2676E3A300DDC0D9 /* Debug */,
				562220BD2676E3A300DDC0D9 /* Release */,
			);
			defaultConfigurationIsVisible = 0;
			defaultConfigurationName = Release;
		};
		567C40E9267FE395003ABC7E /* Build configuration list for PBXNativeTarget "WatchLandmarks Extension" */ = {
			isa = XCConfigurationList;
			buildConfigurations = (
				567C40EA267FE395003ABC7E /* Debug */,
				567C40EB267FE395003ABC7E /* Release */,
			);
			defaultConfigurationIsVisible = 0;
			defaultConfigurationName = Release;
		};
		567C40ED267FE395003ABC7E /* Build configuration list for PBXNativeTarget "WatchLandmarks" */ = {
			isa = XCConfigurationList;
			buildConfigurations = (
				567C40EE267FE395003ABC7E /* Debug */,
				567C40EF267FE395003ABC7E /* Release */,
			);
			defaultConfigurationIsVisible = 0;
			defaultConfigurationName = Release;
		};
/* End XCConfigurationList section */
	};
	rootObject = 562220A42676E3A300DDC0D9 /* Project object */;
}
